%{
  "artificery": {:hex, :artificery, "0.2.6", "f602909757263f7897130cbd006b0e40514a541b148d366ad65b89236b93497a", [:mix], [], "hexpm"},
  "cachex": {:hex, :cachex, "3.1.1", "588bcf48d20eddad7bff5172f5453090a071eba3191a03f51f779f88e3ac1900", [:mix], [{:eternal, "~> 1.2", [hex: :eternal, repo: "hexpm", optional: false]}, {:jumper, "~> 1.0", [hex: :jumper, repo: "hexpm", optional: false]}, {:unsafe, "~> 1.0", [hex: :unsafe, repo: "hexpm", optional: false]}], "hexpm"},
  "distillery": {:hex, :distillery, "2.0.12", "6e78fe042df82610ac3fa50bd7d2d8190ad287d120d3cd1682d83a44e8b34dfb", [:mix], [{:artificery, "~> 0.2", [hex: :artificery, repo: "hexpm", optional: false]}], "hexpm"},
  "eternal": {:hex, :eternal, "1.2.1", "d5b6b2499ba876c57be2581b5b999ee9bdf861c647401066d3eeed111d096bc4", [:mix], [], "hexpm"},
  "jumper": {:hex, :jumper, "1.0.1", "3c00542ef1a83532b72269fab9f0f0c82bf23a35e27d278bfd9ed0865cecabff", [:mix], [], "hexpm"},
  "unsafe": {:hex, :unsafe, "1.0.1", "a27e1874f72ee49312e0a9ec2e0b27924214a05e3ddac90e91727bc76f8613d8", [:mix], [], "hexpm"},
}
